# THIS IS AN AUTOGENERATED FILE. DO NOT EDIT THIS FILE DIRECTLY.
# yarn lockfile v1


bs-platform@^7.0.1:
  version "7.1.0"
  resolved "https://registry.yarnpkg.com/bs-platform/-/bs-platform-7.1.0.tgz#72b52148b1c4be7f878969e6e2afd1bfab068cdd"
  integrity sha512-XUeZf1nGzmsVymG89j5L8G9YNDHl0J/5iDGExXA7a4RKxnbvP2TselBZAzFeEH4rs3gG01b7yKt+h2pm7yh7Ww==

is-docker@^2.0.0:
  version "2.0.0"
  resolved "https://registry.yarnpkg.com/is-docker/-/is-docker-2.0.0.tgz#2cb0df0e75e2d064fe1864c37cdeacb7b2dcf25b"
  integrity sha512-pJEdRugimx4fBMra5z2/5iRdZ63OhYV0vr0Dwm5+xtW4D1FvRkB8hamMIhnWfyJeDdyr/aa7BDyNbtG38VxgoQ==

is-wsl@^2.1.1:
  version "2.1.1"
  resolved "https://registry.yarnpkg.com/is-wsl/-/is-wsl-2.1.1.tgz#4a1c152d429df3d441669498e2486d3596ebaf1d"
  integrity sha512-umZHcSrwlDHo2TGMXv0DZ8dIUGunZ2Iv68YZnrmCiBPkZ4aaOhtv7pXJKeki9k3qJ3RJr0cDyitcl5wEH3AYog==

kleur@^3.0.3:
  version "3.0.3"
  resolved "https://registry.yarnpkg.com/kleur/-/kleur-3.0.3.tgz#a79c9ecc86ee1ce3fa6206d1216c501f147fc07e"
  integrity sha512-eTIzlVOSUR+JxdDFepEYcBMtZ9Qqdef+rnzWdRZuMbOywu5tO2w2N7rqjoANZ5k9vywhL6Br1VRjUIgTQx4E8w==

open@^7.0.2:
  version "7.0.2"
  resolved "https://registry.yarnpkg.com/open/-/open-7.0.2.tgz#fb3681f11f157f2361d2392307548ca1792960e8"
  integrity sha512-70E/pFTPr7nZ9nLDPNTcj3IVqnNvKuP4VsBmoKV9YGTnChe0mlS3C4qM7qKarhZ8rGaHKLfo+vBTHXDp6ZSyLQ==
  dependencies:
    is-docker "^2.0.0"
    is-wsl "^2.1.1"

prompts@^2.3.0:
  version "2.3.0"
  resolved "https://registry.yarnpkg.com/prompts/-/prompts-2.3.0.tgz#a444e968fa4cc7e86689a74050685ac8006c4cc4"
  integrity sha512-NfbbPPg/74fT7wk2XYQ7hAIp9zJyZp5Fu19iRbORqqy1BhtrkZ0fPafBU+7bmn8ie69DpT0R6QpJIN2oisYjJg==
  dependencies:
    kleur "^3.0.3"
    sisteransi "^1.0.3"

sisteransi@^1.0.3:
  version "1.0.4"
  resolved "https://registry.yarnpkg.com/sisteransi/-/sisteransi-1.0.4.tgz#386713f1ef688c7c0304dc4c0632898941cad2e3"
  integrity sha512-/ekMoM4NJ59ivGSfKapeG+FWtrmWvA1p6FBZwXrqojw90vJu8lBmrTxCMuBCydKtkaUe2zt4PlxeTKpjwMbyig==
